
Microsoft Visual Studio Solution File, Format Version 12.00
# Visual Studio 15
VisualStudioVersion = 15.0.27703.2047
MinimumVisualStudioVersion = 10.0.40219.1
Project("{FAE04EC0-301F-11D3-BF4B-00C04F79EFBC}") = "EFCodeFirstSample", "EFCodeFirstSample\EFCodeFirstSample.csproj", "{7059636B-7C9E-4144-9C00-151F07318229}"
EndProject
Global
	GlobalSection(SolutionConfigurationPlatforms) = preSolution
		Debug|Any CPU = Debug|Any CPU
		Release|Any CPU = Release|Any CPU
	EndGlobalSection
	GlobalSection(ProjectConfigurationPlatforms) = postSolution
		{7059636B-7C9E-4144-9C00-151F07318229}.Debug|Any CPU.ActiveCfg = Debug|Any CPU
		{7059636B-7C9E-4144-9C00-151F07318229}.Debug|Any CPU.Build.0 = Debug|Any CPU
		{7059636B-7C9E-4144-9C00-151F07318229}.Release|Any CPU.ActiveCfg = Release|Any CPU
		{7059636B-7C9E-4144-9C00-151F07318229}.Release|Any CPU.Build.0 = Release|Any CPU
	EndGlobalSection
	GlobalSection(SolutionProperties) = preSolution
		HideSolutionNode = FALSE
	EndGlobalSection
	GlobalSection(ExtensibilityGlobals) = postSolution
		SolutionGuid = {FCACE23D-A117-4D7F-8263-96C5E742ED48}
	EndGlobalSection
EndGlobal
